
Microsoft Visual Studio Solution File, Format Version 12.00
# Visual Studio Version 17
VisualStudioVersion = 17.0.32126.317
MinimumVisualStudioVersion = 10.0.40219.1
Project("{FAE04EC0-301F-11D3-BF4B-00C04F79EFBC}") = "TbcWeb", "TbcWeb\TbcWeb.csproj", "{E59D7E2A-9C15-4505-80A6-FC04324FBDBD}"
EndProject
Global
	GlobalSection(SolutionConfigurationPlatforms) = preSolution
		Debug|Any CPU = Debug|Any CPU
		Release|Any CPU = Release|Any CPU
	EndGlobalSection
	GlobalSection(ProjectConfigurationPlatforms) = postSolution
		{E59D7E2A-9C15-4505-80A6-FC04324FBDBD}.Debug|Any CPU.ActiveCfg = Debug|Any CPU
		{E59D7E2A-9C15-4505-80A6-FC04324FBDBD}.Debug|Any CPU.Build.0 = Debug|Any CPU
		{E59D7E2A-9C15-4505-80A6-FC04324FBDBD}.Release|Any CPU.ActiveCfg = Release|Any CPU
		{E59D7E2A-9C15-4505-80A6-FC04324FBDBD}.Release|Any CPU.Build.0 = Release|Any CPU
	EndGlobalSection
	GlobalSection(SolutionProperties) = preSolution
		HideSolutionNode = FALSE
	EndGlobalSection
	GlobalSection(ExtensibilityGlobals) = postSolution
		SolutionGuid = {F6550365-A40F-4F09-A70E-E8C371F56AA4}
	EndGlobalSection
EndGlobal
